
Microsoft Visual Studio Solution File, Format Version 12.00
# Visual Studio 15
Project("{FAE04EC0-301F-11D3-BF4B-00C04F79EFBC}") = "Assembly-CSharp", "Assembly-CSharp.csproj", "{6A624579-CF6D-9EDB-213D-C678589C97A2}"
EndProject
Project("{FAE04EC0-301F-11D3-BF4B-00C04F79EFBC}") = "Assembly-CSharp-Editor", "Assembly-CSharp-Editor.csproj", "{86DB4EA9-8867-983B-B5A0-BCA77919FE19}"
EndProject
Global
	GlobalSection(SolutionConfigurationPlatforms) = preSolution
		Debug|Any CPU = Debug|Any CPU
		Release|Any CPU = Release|Any CPU
	EndGlobalSection
	GlobalSection(ProjectConfigurationPlatforms) = postSolution
		{6A624579-CF6D-9EDB-213D-C678589C97A2}.Debug|Any CPU.ActiveCfg = Debug|Any CPU
		{6A624579-CF6D-9EDB-213D-C678589C97A2}.Debug|Any CPU.Build.0 = Debug|Any CPU
		{6A624579-CF6D-9EDB-213D-C678589C97A2}.Release|Any CPU.ActiveCfg = Release|Any CPU
		{6A624579-CF6D-9EDB-213D-C678589C97A2}.Release|Any CPU.Build.0 = Release|Any CPU
		{86DB4EA9-8867-983B-B5A0-BCA77919FE19}.Debug|Any CPU.ActiveCfg = Debug|Any CPU
		{86DB4EA9-8867-983B-B5A0-BCA77919FE19}.Debug|Any CPU.Build.0 = Debug|Any CPU
		{86DB4EA9-8867-983B-B5A0-BCA77919FE19}.Release|Any CPU.ActiveCfg = Release|Any CPU
		{86DB4EA9-8867-983B-B5A0-BCA77919FE19}.Release|Any CPU.Build.0 = Release|Any CPU
	EndGlobalSection
	GlobalSection(SolutionProperties) = preSolution
		HideSolutionNode = FALSE
	EndGlobalSection
EndGlobal
